PODS:
  - Alamofire (3.5.0)
  - Atomic (1.0.3)
  - NetworkingApi (0.3.3):
    - Alamofire (~> 3.5)
    - Atomic (~> 1.0)
    - SwiftCommons (~> 0.3.2)
  - SwiftCommons (0.3.2)

DEPENDENCIES:
  - NetworkingApi (from `../../`)
  - SwiftCommons (from `https://github.com/roxiemobile/swift-commons.ios.git`, tag `0.3.2`)

EXTERNAL SOURCES:
  NetworkingApi:
    :path: "../../"
  SwiftCommons:
    :git: https://github.com/roxiemobile/swift-commons.ios.git
    :tag: 0.3.2

CHECKOUT OPTIONS:
  SwiftCommons:
    :git: https://github.com/roxiemobile/swift-commons.ios.git
    :tag: 0.3.2

SPEC CHECKSUMS:
  Alamofire: b70a7352335f8ea5babd0a923eb7e8eacc67b877
  Atomic: 6a65765cb7d197873633e2693ee612f036736689
  NetworkingApi: b3bebbcca74b50c1213068bb54cc20677f93e822
  SwiftCommons: 74c13c640c56cc6f66959ff82b39c4d32c37f765

PODFILE CHECKSUM: ce79ee7178855ffbc7432f42999d8f6c810f1483

COCOAPODS: 1.1.1
