PODS:
  - Alamofire (4.5.1)
  - CryptoSwift (0.8.0)
  - NetworkingApi/Core/Net (0.0.1):
    - Alamofire (~> 4.5.1)
    - SwiftCommons/Core/Data
    - SwiftyJSON (~> 3.1.4)
  - SwiftCommons/Core/Abstractions (0.0.1)
  - SwiftCommons/Core/Concurrent (0.0.1)
  - SwiftCommons/Core/Data (0.0.1):
    - CryptoSwift (~> 0.8.0)
    - SwiftCommons/Core/Diagnostics (= 0.0.1)
  - SwiftCommons/Core/Diagnostics (0.0.1):
    - SwiftCommons/Core/Concurrent (= 0.0.1)
    - SwiftCommons/Core/Extensions (= 0.0.1)
  - SwiftCommons/Core/Extensions (0.0.1):
    - SwiftCommons/Core/Abstractions (= 0.0.1)
    - SwiftCommons/Core/Logging (= 0.0.1)
  - SwiftCommons/Core/Lang (0.0.1)
  - SwiftCommons/Core/Logging (0.0.1):
    - SwiftCommons/Core/Concurrent (= 0.0.1)
    - SwiftCommons/Core/Lang (= 0.0.1)
  - SwiftyJSON (3.1.4)

DEPENDENCIES:
  - Alamofire (~> 4.5.1)
  - NetworkingApi/Core/Net (from `../../`)
  - SwiftCommons/Core/Concurrent (from `https://github.com/roxiemobile/swift-commons.ios.git`, branch `sandbox`)
  - SwiftCommons/Core/Data (from `https://github.com/roxiemobile/swift-commons.ios.git`, branch `sandbox`)
  - SwiftyJSON (~> 3.1.4)

EXTERNAL SOURCES:
  NetworkingApi:
    :path: ../../
  SwiftCommons:
    :branch: sandbox
    :git: https://github.com/roxiemobile/swift-commons.ios.git

CHECKOUT OPTIONS:
  SwiftCommons:
    :commit: 2313060b51c8518159b9e83a066b094522026e5c
    :git: https://github.com/roxiemobile/swift-commons.ios.git

SPEC CHECKSUMS:
  Alamofire: 2d95912bf4c34f164fdfc335872e8c312acaea4a
  CryptoSwift: f81907430ebbe38b8404b4f6fb40f3c576a8755f
  NetworkingApi: 4fee9b283cc5090f70bd886397041fc99a2d840a
  SwiftCommons: 5a0b26a93c5d581de967bd48ac92e43553766e4b
  SwiftyJSON: c2842d878f95482ffceec5709abc3d05680c0220

PODFILE CHECKSUM: 2ffdcac86656f321f751d1d2a0b0a8be5ee93661

COCOAPODS: 1.3.1
