PODS:
  - Alamofire (4.5.1)
  - CryptoSwift (0.8.0)
  - NetworkingApi/Core/Net (0.0.1):
    - Alamofire (~> 4.5.1)
    - SwiftCommons/Core/Data
    - SwiftyJSON (~> 3.1.4)
  - SwiftCommons/Core/Abstractions (0.0.1)
  - SwiftCommons/Core/Concurrent (0.0.1)
  - SwiftCommons/Core/Data (0.0.1):
    - CryptoSwift (~> 0.8.0)
    - SwiftCommons/Core/Diagnostics (= 0.0.1)
  - SwiftCommons/Core/Diagnostics (0.0.1):
    - SwiftCommons/Core/Concurrent (= 0.0.1)
    - SwiftCommons/Core/Extensions (= 0.0.1)
  - SwiftCommons/Core/Extensions (0.0.1):
    - SwiftCommons/Core/Abstractions (= 0.0.1)
    - SwiftCommons/Core/Logging (= 0.0.1)
  - SwiftCommons/Core/Lang (0.0.1)
  - SwiftCommons/Core/Logging (0.0.1):
    - SwiftCommons/Core/Concurrent (= 0.0.1)
    - SwiftCommons/Core/Lang (= 0.0.1)
  - SwiftyJSON (3.1.4)

DEPENDENCIES:
  - Alamofire (~> 4.5.1)
  - NetworkingApi/Core/Net (from `../../`)
  - SwiftCommons/Core/Concurrent (from `https://github.com/roxiemobile/swift-commons.ios.git`, branch `sandbox`)
  - SwiftCommons/Core/Data (from `https://github.com/roxiemobile/swift-commons.ios.git`, branch `sandbox`)
  - SwiftyJSON (~> 3.1.4)

EXTERNAL SOURCES:
  NetworkingApi:
    :path: ../../
  SwiftCommons:
    :branch: sandbox
    :git: https://github.com/roxiemobile/swift-commons.ios.git

CHECKOUT OPTIONS:
  SwiftCommons:
    :commit: 3be2f3f6da0685e5318929ab2884a897be773c3b
    :git: https://github.com/roxiemobile/swift-commons.ios.git

SPEC CHECKSUMS:
  Alamofire: e6bf125062d947e85fd35dfee4c76ca21c390289
  CryptoSwift: c28f3263c92617abf722118d5a51e264ac27082c
  NetworkingApi: 9947e653595f13f484846d29828475cd570f14ec
  SwiftCommons: c231da391b282c94c54af08f416f75e7a85c9a8b
  SwiftyJSON: 499760a120809fead67638bab84ac4bc440d6874

PODFILE CHECKSUM: a9a0046a4657dcd9a70b37b810e51dbb2ed50346

COCOAPODS: 1.4.0.beta.2
