PODS:
  - Alamofire-SCF (4.6.0):
    - Alamofire-SCF/StaticCocoaFramework (= 4.6.0)
  - Alamofire-SCF/StaticCocoaFramework (4.6.0)
  - CryptoSwift-SCF (0.8.0):
    - CryptoSwift-SCF/StaticCocoaFramework (= 0.8.0)
  - CryptoSwift-SCF/StaticCocoaFramework (0.8.0)
  - Dispatch-SCF (2.0.4):
    - Dispatch-SCF/StaticCocoaFramework (= 2.0.4)
  - Dispatch-SCF/StaticCocoaFramework (2.0.4)
  - SwiftCommons-SCF/Data (1.1.0):
    - SwiftCommonsData-SCF (= 1.1.0)
  - SwiftCommons-SCF/Diagnostics (1.1.0):
    - SwiftCommonsDiagnostics-SCF (= 1.1.0)
  - SwiftCommons-SCF/Logging (1.1.0):
    - SwiftCommonsLogging-SCF (= 1.1.0)
  - SwiftCommonsAbstractions-SCF (1.1.0):
    - SwiftCommonsAbstractions-SCF/StaticCocoaFramework (= 1.1.0)
  - SwiftCommonsAbstractions-SCF/StaticCocoaFramework (1.1.0)
  - SwiftCommonsConcurrent-SCF (1.1.0):
    - SwiftCommonsConcurrent-SCF/StaticCocoaFramework (= 1.1.0)
  - SwiftCommonsConcurrent-SCF/StaticCocoaFramework (1.1.0):
    - Dispatch-SCF (~> 2.0.4)
    - SwiftCommonsObjC-SCF (= 1.1.0)
  - SwiftCommonsData-SCF (1.1.0):
    - SwiftCommonsData-SCF/StaticCocoaFramework (= 1.1.0)
  - SwiftCommonsData-SCF/StaticCocoaFramework (1.1.0):
    - CryptoSwift-SCF (~> 0.8.0)
    - SwiftCommonsDiagnostics-SCF (= 1.1.0)
  - SwiftCommonsDiagnostics-SCF (1.1.0):
    - SwiftCommonsDiagnostics-SCF/StaticCocoaFramework (= 1.1.0)
  - SwiftCommonsDiagnostics-SCF/StaticCocoaFramework (1.1.0):
    - SwiftCommonsConcurrent-SCF (= 1.1.0)
    - SwiftCommonsExtensions-SCF (= 1.1.0)
  - SwiftCommonsExtensions-SCF (1.1.0):
    - SwiftCommonsExtensions-SCF/StaticCocoaFramework (= 1.1.0)
  - SwiftCommonsExtensions-SCF/StaticCocoaFramework (1.1.0):
    - SwiftCommonsAbstractions-SCF (= 1.1.0)
    - SwiftCommonsLogging-SCF (= 1.1.0)
  - SwiftCommonsLang-SCF (1.1.0):
    - SwiftCommonsLang-SCF/StaticCocoaFramework (= 1.1.0)
  - SwiftCommonsLang-SCF/StaticCocoaFramework (1.1.0)
  - SwiftCommonsLogging-SCF (1.1.0):
    - SwiftCommonsLogging-SCF/StaticCocoaFramework (= 1.1.0)
  - SwiftCommonsLogging-SCF/StaticCocoaFramework (1.1.0):
    - SwiftCommonsConcurrent-SCF (= 1.1.0)
    - SwiftCommonsLang-SCF (= 1.1.0)
  - SwiftCommonsObjC-SCF (1.1.0):
    - SwiftCommonsObjC-SCF/StaticCocoaFramework (= 1.1.0)
  - SwiftCommonsObjC-SCF/StaticCocoaFramework (1.1.0)
  - SwiftyJSON-SCF (4.0.0):
    - SwiftyJSON-SCF/StaticCocoaFramework (= 4.0.0)
  - SwiftyJSON-SCF/StaticCocoaFramework (4.0.0)

DEPENDENCIES:
  - Alamofire-SCF (~> 4.6.0)
  - SwiftCommons-SCF/Data (~> 1.1.0)
  - SwiftCommons-SCF/Diagnostics (~> 1.1.0)
  - SwiftCommons-SCF/Logging (~> 1.1.0)
  - SwiftyJSON-SCF (~> 4.0.0)

SPEC CHECKSUMS:
  Alamofire-SCF: 925de2f1ce8f950b362ff9dc83675ab63c1eef32
  CryptoSwift-SCF: a9c0686544450d97e6c5e13b7172ea3d677aaf9a
  Dispatch-SCF: 260f244bfae3213f83e77cb99b275cefa4c3ba62
  SwiftCommons-SCF: 296b578ad998ea4f663c5ba29eeba99de58d6df6
  SwiftCommonsAbstractions-SCF: 46b22b356a89d209b870b89f60af81e5ff1453db
  SwiftCommonsConcurrent-SCF: 1aad1612b52763223788811d4d800b6a2fcdff71
  SwiftCommonsData-SCF: e1773b8dd8582ea1cb9a9e9b1a26041479f9b61c
  SwiftCommonsDiagnostics-SCF: 2007b81efdf6c44c5dd66b2a4ca583c26a98d9ae
  SwiftCommonsExtensions-SCF: de64c056d9d6329f98d3e5ae2d00dd863b7f1bda
  SwiftCommonsLang-SCF: 5eeba5735f230f2ca760c37af89f876b85167398
  SwiftCommonsLogging-SCF: 63dd478baae57be6fa7eba6aadf771f01c12659a
  SwiftCommonsObjC-SCF: c02a18b1d3fa51ba1a2a94a2c4621c9660d57d40
  SwiftyJSON-SCF: 2bb4daea8dba562b375d2507ebb9dfca91d464ef

PODFILE CHECKSUM: 517373227de9987333333b166bb2daba69348242

COCOAPODS: 1.4.0.beta.2
