PODS:
  - Alamofire-SCF (4.7.0):
    - Alamofire-SCF/StaticCocoaFramework (= 4.7.0)
  - Alamofire-SCF/StaticCocoaFramework (4.7.0)
  - CryptoSwift-SCF (0.8.3):
    - CryptoSwift-SCF/StaticCocoaFramework (= 0.8.3)
  - CryptoSwift-SCF/StaticCocoaFramework (0.8.3)
  - Dispatch-SCF (2.0.4):
    - Dispatch-SCF/StaticCocoaFramework (= 2.0.4)
  - Dispatch-SCF/StaticCocoaFramework (2.0.4)
  - SwiftCommons-SCF/Data (1.2.6):
    - SwiftCommonsData-SCF (= 1.2.6)
  - SwiftCommons-SCF/Diagnostics (1.2.6):
    - SwiftCommonsDiagnostics-SCF (= 1.2.6)
  - SwiftCommons-SCF/Logging (1.2.6):
    - SwiftCommonsLogging-SCF (= 1.2.6)
  - SwiftCommonsAbstractions-SCF (1.2.6):
    - SwiftCommonsAbstractions-SCF/StaticCocoaFramework (= 1.2.6)
  - SwiftCommonsAbstractions-SCF/StaticCocoaFramework (1.2.6)
  - SwiftCommonsConcurrent-SCF (1.2.6):
    - SwiftCommonsConcurrent-SCF/StaticCocoaFramework (= 1.2.6)
  - SwiftCommonsConcurrent-SCF/StaticCocoaFramework (1.2.6):
    - Dispatch-SCF (~> 2.0.4)
    - SwiftCommonsObjC-SCF (= 1.2.6)
  - SwiftCommonsData-SCF (1.2.6):
    - SwiftCommonsData-SCF/StaticCocoaFramework (= 1.2.6)
  - SwiftCommonsData-SCF/StaticCocoaFramework (1.2.6):
    - CryptoSwift-SCF (~> 0.8.3)
    - SwiftCommonsDiagnostics-SCF (= 1.2.6)
  - SwiftCommonsDiagnostics-SCF (1.2.6):
    - SwiftCommonsDiagnostics-SCF/StaticCocoaFramework (= 1.2.6)
  - SwiftCommonsDiagnostics-SCF/StaticCocoaFramework (1.2.6):
    - SwiftCommonsConcurrent-SCF (= 1.2.6)
    - SwiftCommonsExtensions-SCF (= 1.2.6)
  - SwiftCommonsExtensions-SCF (1.2.6):
    - SwiftCommonsExtensions-SCF/StaticCocoaFramework (= 1.2.6)
  - SwiftCommonsExtensions-SCF/StaticCocoaFramework (1.2.6):
    - SwiftCommonsAbstractions-SCF (= 1.2.6)
    - SwiftCommonsLogging-SCF (= 1.2.6)
  - SwiftCommonsLang-SCF (1.2.6):
    - SwiftCommonsLang-SCF/StaticCocoaFramework (= 1.2.6)
  - SwiftCommonsLang-SCF/StaticCocoaFramework (1.2.6)
  - SwiftCommonsLogging-SCF (1.2.6):
    - SwiftCommonsLogging-SCF/StaticCocoaFramework (= 1.2.6)
  - SwiftCommonsLogging-SCF/StaticCocoaFramework (1.2.6):
    - SwiftCommonsConcurrent-SCF (= 1.2.6)
    - SwiftCommonsLang-SCF (= 1.2.6)
  - SwiftCommonsObjC-SCF (1.2.6):
    - SwiftCommonsObjC-SCF/StaticCocoaFramework (= 1.2.6)
  - SwiftCommonsObjC-SCF/StaticCocoaFramework (1.2.6)
  - SwiftyJSON-SCF (4.0.0):
    - SwiftyJSON-SCF/StaticCocoaFramework (= 4.0.0)
  - SwiftyJSON-SCF/StaticCocoaFramework (4.0.0)

DEPENDENCIES:
  - Alamofire-SCF (~> 4.7.0)
  - SwiftCommons-SCF/Data (~> 1.2.6)
  - SwiftCommons-SCF/Diagnostics (~> 1.2.6)
  - SwiftCommons-SCF/Logging (~> 1.2.6)
  - SwiftyJSON-SCF (~> 4.0.0)

SPEC CHECKSUMS:
  Alamofire-SCF: c7505346358105c470efd6e748a7178429d5614f
  CryptoSwift-SCF: b50fb8c9bf3e28b27ed9c454b8e9f7102471b589
  Dispatch-SCF: 260f244bfae3213f83e77cb99b275cefa4c3ba62
  SwiftCommons-SCF: 8795226f9661b5f88b91355fb4a9496dae5ad1bb
  SwiftCommonsAbstractions-SCF: 0e96ce53601799667a0e3bc1aaf4e61562486489
  SwiftCommonsConcurrent-SCF: 7c4e5a9d61c1da8b1028d219a7e8ed6c14a15b0c
  SwiftCommonsData-SCF: a9d2195bd725dff83a5999ae36b1e442ed0fe1af
  SwiftCommonsDiagnostics-SCF: 76556cf4fda7088381b7143c3ce8b75f5c106521
  SwiftCommonsExtensions-SCF: 07921fcf6e11c1d5003e032314bf971db16e5e71
  SwiftCommonsLang-SCF: d63ca3ece3255070fe59dd0b8ab3a44ab30111a7
  SwiftCommonsLogging-SCF: 2abe32423848b5f3bb4b337b175c18d39de0335e
  SwiftCommonsObjC-SCF: b5629003d7107d8fb7396e12a5c4abcb14f74445
  SwiftyJSON-SCF: 2bb4daea8dba562b375d2507ebb9dfca91d464ef

PODFILE CHECKSUM: 76f1616127cffcf4bddd7efc7be8676131002833

COCOAPODS: 1.4.0
