PODS:
  - Alamofire-SCF42 (4.7.3):
    - Alamofire-SCF42/StaticCocoaFramework (= 4.7.3)
  - Alamofire-SCF42/StaticCocoaFramework (4.7.3)
  - CryptoSwift-SCF42 (0.12.0):
    - CryptoSwift-SCF42/StaticCocoaFramework (= 0.12.0)
  - CryptoSwift-SCF42/StaticCocoaFramework (0.12.0)
  - Dispatch-SCF42 (2.0.4):
    - Dispatch-SCF42/StaticCocoaFramework (= 2.0.4)
  - Dispatch-SCF42/StaticCocoaFramework (2.0.4)
  - SwiftCommons-SCF42/Data (1.3.0):
    - SwiftCommonsData-SCF42 (= 1.3.0)
  - SwiftCommons-SCF42/Diagnostics (1.3.0):
    - SwiftCommonsDiagnostics-SCF42 (= 1.3.0)
  - SwiftCommons-SCF42/Logging (1.3.0):
    - SwiftCommonsLogging-SCF42 (= 1.3.0)
  - SwiftCommonsAbstractions-SCF42 (1.3.0):
    - SwiftCommonsAbstractions-SCF42/StaticCocoaFramework (= 1.3.0)
  - SwiftCommonsAbstractions-SCF42/StaticCocoaFramework (1.3.0)
  - SwiftCommonsConcurrent-SCF42 (1.3.0):
    - SwiftCommonsConcurrent-SCF42/StaticCocoaFramework (= 1.3.0)
  - SwiftCommonsConcurrent-SCF42/StaticCocoaFramework (1.3.0):
    - Dispatch-SCF42 (~> 2.0.4)
    - SwiftCommonsObjC-SCF42 (= 1.3.0)
  - SwiftCommonsData-SCF42 (1.3.0):
    - SwiftCommonsData-SCF42/StaticCocoaFramework (= 1.3.0)
  - SwiftCommonsData-SCF42/StaticCocoaFramework (1.3.0):
    - CryptoSwift-SCF42 (~> 0.12.0)
    - SwiftCommonsDiagnostics-SCF42 (= 1.3.0)
  - SwiftCommonsDiagnostics-SCF42 (1.3.0):
    - SwiftCommonsDiagnostics-SCF42/StaticCocoaFramework (= 1.3.0)
  - SwiftCommonsDiagnostics-SCF42/StaticCocoaFramework (1.3.0):
    - SwiftCommonsConcurrent-SCF42 (= 1.3.0)
    - SwiftCommonsExtensions-SCF42 (= 1.3.0)
  - SwiftCommonsExtensions-SCF42 (1.3.0):
    - SwiftCommonsExtensions-SCF42/StaticCocoaFramework (= 1.3.0)
  - SwiftCommonsExtensions-SCF42/StaticCocoaFramework (1.3.0):
    - SwiftCommonsAbstractions-SCF42 (= 1.3.0)
    - SwiftCommonsLogging-SCF42 (= 1.3.0)
  - SwiftCommonsLang-SCF42 (1.3.0):
    - SwiftCommonsLang-SCF42/StaticCocoaFramework (= 1.3.0)
  - SwiftCommonsLang-SCF42/StaticCocoaFramework (1.3.0)
  - SwiftCommonsLogging-SCF42 (1.3.0):
    - SwiftCommonsLogging-SCF42/StaticCocoaFramework (= 1.3.0)
  - SwiftCommonsLogging-SCF42/StaticCocoaFramework (1.3.0):
    - SwiftCommonsConcurrent-SCF42 (= 1.3.0)
    - SwiftCommonsLang-SCF42 (= 1.3.0)
  - SwiftCommonsObjC-SCF42 (1.3.0):
    - SwiftCommonsObjC-SCF42/StaticCocoaFramework (= 1.3.0)
  - SwiftCommonsObjC-SCF42/StaticCocoaFramework (1.3.0)
  - SwiftyJSON-SCF42 (4.2.0):
    - SwiftyJSON-SCF42/StaticCocoaFramework (= 4.2.0)
  - SwiftyJSON-SCF42/StaticCocoaFramework (4.2.0)

DEPENDENCIES:
  - Alamofire-SCF42 (~> 4.7.3)
  - SwiftCommons-SCF42/Data (~> 1.3.0)
  - SwiftCommons-SCF42/Diagnostics (~> 1.3.0)
  - SwiftCommons-SCF42/Logging (~> 1.3.0)
  - SwiftyJSON-SCF42 (~> 4.2.0)

SPEC REPOS:
  https://github.com/roxiemobile/static-cocoa-frameworks.ios.git:
    - Alamofire-SCF42
    - CryptoSwift-SCF42
    - Dispatch-SCF42
    - SwiftCommons-SCF42
    - SwiftCommonsAbstractions-SCF42
    - SwiftCommonsConcurrent-SCF42
    - SwiftCommonsData-SCF42
    - SwiftCommonsDiagnostics-SCF42
    - SwiftCommonsExtensions-SCF42
    - SwiftCommonsLang-SCF42
    - SwiftCommonsLogging-SCF42
    - SwiftCommonsObjC-SCF42
    - SwiftyJSON-SCF42

SPEC CHECKSUMS:
  Alamofire-SCF42: 2a2d5ccb2d024664a92d7c483ae0bcb36c55cf40
  CryptoSwift-SCF42: 7286da9570797cde5c8f1f9f065e3d920ff97a8a
  Dispatch-SCF42: 011000aa52bfd7b8e2e50a55f78dc1ff5c9cdd4b
  SwiftCommons-SCF42: 5d9c4928f17c769eb166d08c7d5226895ccbe258
  SwiftCommonsAbstractions-SCF42: ebf7b396d57d46269d36be6a1e12519876f0fc63
  SwiftCommonsConcurrent-SCF42: 1f2d3912ee16ec9b7bbadfa358f53c3ddde095bd
  SwiftCommonsData-SCF42: 18a6889ff9290892d7bf4fc7e647d79882014efc
  SwiftCommonsDiagnostics-SCF42: 5d03973be1865a60218d06e96a0f5a0c224115c0
  SwiftCommonsExtensions-SCF42: 0529d16ed27fda629b69660e948e128a08b70cb5
  SwiftCommonsLang-SCF42: 816ccacb2b9ea493a9b0c4131d0338123dcda45f
  SwiftCommonsLogging-SCF42: 96a2f47616ce265a5a4708abbc5dd7cb41cfc238
  SwiftCommonsObjC-SCF42: 7eaa84a16af1716bf0ba7f5a79c22ae4ae653141
  SwiftyJSON-SCF42: ae78d265f716be5231db197250105f20d725bb8d

PODFILE CHECKSUM: f3e760b328b7352c3c9277c4980f172bc58ca4ae

COCOAPODS: 1.5.3
